// !$*UTF8*$!
{
	archiveVersion = 1;
	classes = {
	};
	objectVersion = 48;
	objects = {

/* Begin PBXBuildFile section */
		24C6E6FCAC511676433BCB25 /* libPods-AKMediaUBoxUITests.a in Frameworks */ = {isa = PBXBuildFile; fileRef = AAD22E1CDB04F21250CA3F7D /* libPods-AKMediaUBoxUITests.a */; };
		415DDE311F60457F00F43738 /* AppDelegate.m in Sources */ = {isa = PBXBuildFile; fileRef = 415DDE301F60457F00F43738 /* AppDelegate.m */; };
		415DDE341F60457F00F43738 /* ViewController.m in Sources */ = {isa = PBXBuildFile; fileRef = 415DDE331F60457F00F43738 /* ViewController.m */; };
		415DDE371F60457F00F43738 /* Main.storyboard in Resources */ = {isa = PBXBuildFile; fileRef = 415DDE351F60457F00F43738 /* Main.storyboard */; };
		415DDE3A1F60457F00F43738 /* AKMediaUBox.xcdatamodeld in Sources */ = {isa = PBXBuildFile; fileRef = 415DDE381F60457F00F43738 /* AKMediaUBox.xcdatamodeld */; };
		415DDE3C1F60457F00F43738 /* Assets.xcassets in Resources */ = {isa = PBXBuildFile; fileRef = 415DDE3B1F60457F00F43738 /* Assets.xcassets */; };
		415DDE3F1F60457F00F43738 /* LaunchScreen.storyboard in Resources */ = {isa = PBXBuildFile; fileRef = 415DDE3D1F60457F00F43738 /* LaunchScreen.storyboard */; };
		415DDE421F60457F00F43738 /* main.m in Sources */ = {isa = PBXBuildFile; fileRef = 415DDE411F60457F00F43738 /* main.m */; };
		415DDE4C1F60457F00F43738 /* AKMediaUBoxTests.m in Sources */ = {isa = PBXBuildFile; fileRef = 415DDE4B1F60457F00F43738 /* AKMediaUBoxTests.m */; };
		415DDE571F60457F00F43738 /* AKMediaUBoxUITests.m in Sources */ = {isa = PBXBuildFile; fileRef = 415DDE561F60457F00F43738 /* AKMediaUBoxUITests.m */; };
		417FE7031F6AC57700F9DED4 /* AkMgrService.m in Sources */ = {isa = PBXBuildFile; fileRef = 41A255711F6ABD60007013B8 /* AkMgrService.m */; };
		417FE7041F6AC57C00F9DED4 /* AKSegmentAudioMgr.m in Sources */ = {isa = PBXBuildFile; fileRef = 41A255751F6ABD6A007013B8 /* AKSegmentAudioMgr.m */; };
		41A255611F6AADA1007013B8 /* YDTestSoundEffectViewController.m in Sources */ = {isa = PBXBuildFile; fileRef = 41A255601F6AADA1007013B8 /* YDTestSoundEffectViewController.m */; };
		41A255631F6AB110007013B8 /* 9152.wav in Resources */ = {isa = PBXBuildFile; fileRef = 41A255621F6AAEC0007013B8 /* 9152.wav */; };
		41A2557D1F6ABDF9007013B8 /* AKAudioMgr.m in Sources */ = {isa = PBXBuildFile; fileRef = 41A2557C1F6ABDF9007013B8 /* AKAudioMgr.m */; };
		41A255891F6AC303007013B8 /* AKBaseMgr.m in Sources */ = {isa = PBXBuildFile; fileRef = 41A255881F6AC303007013B8 /* AKBaseMgr.m */; };
		60310E4F487A10ABAB3B6CF2 /* libPods-AKMediaUBoxTests.a in Frameworks */ = {isa = PBXBuildFile; fileRef = 2EEF7F2E3D8A36AE5F01C036 /* libPods-AKMediaUBoxTests.a */; };
		CAF7223843C6E9C308138CCA /* libPods-AKMediaUBox.a in Frameworks */ = {isa = PBXBuildFile; fileRef = C7AA86C9B173D640F191CFC4 /* libPods-AKMediaUBox.a */; };
/* End PBXBuildFile section */

/* Begin PBXContainerItemProxy section */
		415DDE481F60457F00F43738 /* PBXContainerItemProxy */ = {
			isa = PBXContainerItemProxy;
			containerPortal = 415DDE241F60457F00F43738 /* Project object */;
			proxyType = 1;
			remoteGlobalIDString = 415DDE2B1F60457F00F43738;
			remoteInfo = AKMediaUBox;
		};
		415DDE531F60457F00F43738 /* PBXContainerItemProxy */ = {
			isa = PBXContainerItemProxy;
			containerPortal = 415DDE241F60457F00F43738 /* Project object */;
			proxyType = 1;
			remoteGlobalIDString = 415DDE2B1F60457F00F43738;
			remoteInfo = AKMediaUBox;
		};
/* End PBXContainerItemProxy section */

/* Begin PBXFileReference section */
		03034EE6054D61FEAFBAEE26 /* Pods-AKMediaUBoxUITests.debug.xcconfig */ = {isa = PBXFileReference; includeInIndex = 1; lastKnownFileType = text.xcconfig; name = "Pods-AKMediaUBoxUITests.debug.xcconfig"; path = "Pods/Target Support Files/Pods-AKMediaUBoxUITests/Pods-AKMediaUBoxUITests.debug.xcconfig"; sourceTree = "<group>"; };
		2C73ED6CEC191AE29C60594A /* Pods-AKMediaUBoxTests.debug.xcconfig */ = {isa = PBXFileReference; includeInIndex = 1; lastKnownFileType = text.xcconfig; name = "Pods-AKMediaUBoxTests.debug.xcconfig"; path = "Pods/Target Support Files/Pods-AKMediaUBoxTests/Pods-AKMediaUBoxTests.debug.xcconfig"; sourceTree = "<group>"; };
		2EEF7F2E3D8A36AE5F01C036 /* libPods-AKMediaUBoxTests.a */ = {isa = PBXFileReference; explicitFileType = archive.ar; includeInIndex = 0; path = "libPods-AKMediaUBoxTests.a"; sourceTree = BUILT_PRODUCTS_DIR; };
		415DDE2C1F60457F00F43738 /* AKMediaUBox.app */ = {isa = PBXFileReference; explicitFileType = wrapper.application; includeInIndex = 0; path = AKMediaUBox.app; sourceTree = BUILT_PRODUCTS_DIR; };
		415DDE2F1F60457F00F43738 /* AppDelegate.h */ = {isa = PBXFileReference; lastKnownFileType = sourcecode.c.h; path = AppDelegate.h; sourceTree = "<group>"; };
		415DDE301F60457F00F43738 /* AppDelegate.m */ = {isa = PBXFileReference; lastKnownFileType = sourcecode.c.objc; path = AppDelegate.m; sourceTree = "<group>"; };
		415DDE321F60457F00F43738 /* ViewController.h */ = {isa = PBXFileReference; lastKnownFileType = sourcecode.c.h; path = ViewController.h; sourceTree = "<group>"; };
		415DDE331F60457F00F43738 /* ViewController.m */ = {isa = PBXFileReference; lastKnownFileType = sourcecode.c.objc; path = ViewController.m; sourceTree = "<group>"; };
		415DDE361F60457F00F43738 /* Base */ = {isa = PBXFileReference; lastKnownFileType = file.storyboard; name = Base; path = Base.lproj/Main.storyboard; sourceTree = "<group>"; };
		415DDE391F60457F00F43738 /* AKMediaUBox.xcdatamodel */ = {isa = PBXFileReference; lastKnownFileType = wrapper.xcdatamodel; path = AKMediaUBox.xcdatamodel; sourceTree = "<group>"; };
		415DDE3B1F60457F00F43738 /* Assets.xcassets */ = {isa = PBXFileReference; lastKnownFileType = folder.assetcatalog; path = Assets.xcassets; sourceTree = "<group>"; };
		415DDE3E1F60457F00F43738 /* Base */ = {isa = PBXFileReference; lastKnownFileType = file.storyboard; name = Base; path = Base.lproj/LaunchScreen.storyboard; sourceTree = "<group>"; };
		415DDE401F60457F00F43738 /* Info.plist */ = {isa = PBXFileReference; lastKnownFileType = text.plist.xml; path = Info.plist; sourceTree = "<group>"; };
		415DDE411F60457F00F43738 /* main.m */ = {isa = PBXFileReference; lastKnownFileType = sourcecode.c.objc; path = main.m; sourceTree = "<group>"; };
		415DDE471F60457F00F43738 /* AKMediaUBoxTests.xctest */ = {isa = PBXFileReference; explicitFileType = wrapper.cfbundle; includeInIndex = 0; path = AKMediaUBoxTests.xctest; sourceTree = BUILT_PRODUCTS_DIR; };
		415DDE4B1F60457F00F43738 /* AKMediaUBoxTests.m */ = {isa = PBXFileReference; lastKnownFileType = sourcecode.c.objc; path = AKMediaUBoxTests.m; sourceTree = "<group>"; };
		415DDE4D1F60457F00F43738 /* Info.plist */ = {isa = PBXFileReference; lastKnownFileType = text.plist.xml; path = Info.plist; sourceTree = "<group>"; };
		415DDE521F60457F00F43738 /* AKMediaUBoxUITests.xctest */ = {isa = PBXFileReference; explicitFileType = wrapper.cfbundle; includeInIndex = 0; path = AKMediaUBoxUITests.xctest; sourceTree = BUILT_PRODUCTS_DIR; };
		415DDE561F60457F00F43738 /* AKMediaUBoxUITests.m */ = {isa = PBXFileReference; lastKnownFileType = sourcecode.c.objc; path = AKMediaUBoxUITests.m; sourceTree = "<group>"; };
		415DDE581F60457F00F43738 /* Info.plist */ = {isa = PBXFileReference; lastKnownFileType = text.plist.xml; path = Info.plist; sourceTree = "<group>"; };
		417FE7011F6AC51D00F9DED4 /* AkAudioSessionMgr.m */ = {isa = PBXFileReference; lastKnownFileType = sourcecode.c.objc; path = AkAudioSessionMgr.m; sourceTree = "<group>"; };
		417FE7021F6AC51D00F9DED4 /* AKAudioSessionMgr.h */ = {isa = PBXFileReference; lastKnownFileType = sourcecode.c.h; path = AKAudioSessionMgr.h; sourceTree = "<group>"; };
		41A2555F1F6AADA1007013B8 /* YDTestSoundEffectViewController.h */ = {isa = PBXFileReference; lastKnownFileType = sourcecode.c.h; path = YDTestSoundEffectViewController.h; sourceTree = "<group>"; };
		41A255601F6AADA1007013B8 /* YDTestSoundEffectViewController.m */ = {isa = PBXFileReference; lastKnownFileType = sourcecode.c.objc; path = YDTestSoundEffectViewController.m; sourceTree = "<group>"; };
		41A255621F6AAEC0007013B8 /* 9152.wav */ = {isa = PBXFileReference; lastKnownFileType = audio.wav; path = 9152.wav; sourceTree = "<group>"; };
		41A255701F6ABD60007013B8 /* AkMgrService.h */ = {isa = PBXFileReference; lastKnownFileType = sourcecode.c.h; path = AkMgrService.h; sourceTree = "<group>"; };
		41A255711F6ABD60007013B8 /* AkMgrService.m */ = {isa = PBXFileReference; lastKnownFileType = sourcecode.c.objc; path = AkMgrService.m; sourceTree = "<group>"; };
		41A255741F6ABD6A007013B8 /* AKSegmentAudioMgr.h */ = {isa = PBXFileReference; lastKnownFileType = sourcecode.c.h; path = AKSegmentAudioMgr.h; sourceTree = "<group>"; };
		41A255751F6ABD6A007013B8 /* AKSegmentAudioMgr.m */ = {isa = PBXFileReference; lastKnownFileType = sourcecode.c.objc; path = AKSegmentAudioMgr.m; sourceTree = "<group>"; };
		41A2557B1F6ABDF9007013B8 /* AkAudioMgr.h */ = {isa = PBXFileReference; lastKnownFileType = sourcecode.c.h; path = AkAudioMgr.h; sourceTree = "<group>"; };
		41A2557C1F6ABDF9007013B8 /* AKAudioMgr.m */ = {isa = PBXFileReference; lastKnownFileType = sourcecode.c.objc; path = AKAudioMgr.m; sourceTree = "<group>"; };
		41A255871F6AC303007013B8 /* AKBaseMgr.h */ = {isa = PBXFileReference; lastKnownFileType = sourcecode.c.h; path = AKBaseMgr.h; sourceTree = "<group>"; };
		41A255881F6AC303007013B8 /* AKBaseMgr.m */ = {isa = PBXFileReference; lastKnownFileType = sourcecode.c.objc; path = AKBaseMgr.m; sourceTree = "<group>"; };
		79070CF1B29D373CE3F1A4C7 /* Pods-AKMediaUBox.release.xcconfig */ = {isa = PBXFileReference; includeInIndex = 1; lastKnownFileType = text.xcconfig; name = "Pods-AKMediaUBox.release.xcconfig"; path = "Pods/Target Support Files/Pods-AKMediaUBox/Pods-AKMediaUBox.release.xcconfig"; sourceTree = "<group>"; };
		AAD22E1CDB04F21250CA3F7D /* libPods-AKMediaUBoxUITests.a */ = {isa = PBXFileReference; explicitFileType = archive.ar; includeInIndex = 0; path = "libPods-AKMediaUBoxUITests.a"; sourceTree = BUILT_PRODUCTS_DIR; };
		AB5D05243075A8CE1938EC79 /* Pods-AKMediaUBox.debug.xcconfig */ = {isa = PBXFileReference; includeInIndex = 1; lastKnownFileType = text.xcconfig; name = "Pods-AKMediaUBox.debug.xcconfig"; path = "Pods/Target Support Files/Pods-AKMediaUBox/Pods-AKMediaUBox.debug.xcconfig"; sourceTree = "<group>"; };
		C7A836E6A4CAEE869172EC9B /* Pods-AKMediaUBoxUITests.release.xcconfig */ = {isa = PBXFileReference; includeInIndex = 1; lastKnownFileType = text.xcconfig; name = "Pods-AKMediaUBoxUITests.release.xcconfig"; path = "Pods/Target Support Files/Pods-AKMediaUBoxUITests/Pods-AKMediaUBoxUITests.release.xcconfig"; sourceTree = "<group>"; };
		C7AA86C9B173D640F191CFC4 /* libPods-AKMediaUBox.a */ = {isa = PBXFileReference; explicitFileType = archive.ar; includeInIndex = 0; path = "libPods-AKMediaUBox.a"; sourceTree = BUILT_PRODUCTS_DIR; };
		D7DF3BF1A0501DA6D1B54E04 /* Pods-AKMediaUBoxTests.release.xcconfig */ = {isa = PBXFileReference; includeInIndex = 1; lastKnownFileType = text.xcconfig; name = "Pods-AKMediaUBoxTests.release.xcconfig"; path = "Pods/Target Support Files/Pods-AKMediaUBoxTests/Pods-AKMediaUBoxTests.release.xcconfig"; sourceTree = "<group>"; };
/* End PBXFileReference section */

/* Begin PBXFrameworksBuildPhase section */
		415DDE291F60457F00F43738 /* Frameworks */ = {
			isa = PBXFrameworksBuildPhase;
			buildActionMask = 2147483647;
			files = (
				CAF7223843C6E9C308138CCA /* libPods-AKMediaUBox.a in Frameworks */,
			);
			runOnlyForDeploymentPostprocessing = 0;
		};
		415DDE441F60457F00F43738 /* Frameworks */ = {
			isa = PBXFrameworksBuildPhase;
			buildActionMask = 2147483647;
			files = (
				60310E4F487A10ABAB3B6CF2 /* libPods-AKMediaUBoxTests.a in Frameworks */,
			);
			runOnlyForDeploymentPostprocessing = 0;
		};
		415DDE4F1F60457F00F43738 /* Frameworks */ = {
			isa = PBXFrameworksBuildPhase;
			buildActionMask = 2147483647;
			files = (
				24C6E6FCAC511676433BCB25 /* libPods-AKMediaUBoxUITests.a in Frameworks */,
			);
			runOnlyForDeploymentPostprocessing = 0;
		};
/* End PBXFrameworksBuildPhase section */

/* Begin PBXGroup section */
		415DDE231F60457F00F43738 = {
			isa = PBXGroup;
			children = (
				415DDE2E1F60457F00F43738 /* AKMediaUBox */,
				415DDE4A1F60457F00F43738 /* AKMediaUBoxTests */,
				415DDE551F60457F00F43738 /* AKMediaUBoxUITests */,
				415DDE2D1F60457F00F43738 /* Products */,
				6B71E386CCC8C688632FA79D /* Pods */,
				A35C782B87BF34900346C5F3 /* Frameworks */,
			);
			sourceTree = "<group>";
		};
		415DDE2D1F60457F00F43738 /* Products */ = {
			isa = PBXGroup;
			children = (
				415DDE2C1F60457F00F43738 /* AKMediaUBox.app */,
				415DDE471F60457F00F43738 /* AKMediaUBoxTests.xctest */,
				415DDE521F60457F00F43738 /* AKMediaUBoxUITests.xctest */,
			);
			name = Products;
			sourceTree = "<group>";
		};
		415DDE2E1F60457F00F43738 /* AKMediaUBox */ = {
			isa = PBXGroup;
			children = (
				41A2556E1F6ABD4B007013B8 /* Common */,
				41A2556D1F6ABD25007013B8 /* Media */,
				41A2555E1F6AAD93007013B8 /* TestsoundEffect */,
				415DDE2F1F60457F00F43738 /* AppDelegate.h */,
				415DDE301F60457F00F43738 /* AppDelegate.m */,
				415DDE321F60457F00F43738 /* ViewController.h */,
				415DDE331F60457F00F43738 /* ViewController.m */,
				415DDE351F60457F00F43738 /* Main.storyboard */,
				415DDE3B1F60457F00F43738 /* Assets.xcassets */,
				415DDE3D1F60457F00F43738 /* LaunchScreen.storyboard */,
				415DDE401F60457F00F43738 /* Info.plist */,
				415DDE411F60457F00F43738 /* main.m */,
				415DDE381F60457F00F43738 /* AKMediaUBox.xcdatamodeld */,
			);
			path = AKMediaUBox;
			sourceTree = "<group>";
		};
		415DDE4A1F60457F00F43738 /* AKMediaUBoxTests */ = {
			isa = PBXGroup;
			children = (
				415DDE4B1F60457F00F43738 /* AKMediaUBoxTests.m */,
				415DDE4D1F60457F00F43738 /* Info.plist */,
			);
			path = AKMediaUBoxTests;
			sourceTree = "<group>";
		};
		415DDE551F60457F00F43738 /* AKMediaUBoxUITests */ = {
			isa = PBXGroup;
			children = (
				415DDE561F60457F00F43738 /* AKMediaUBoxUITests.m */,
				415DDE581F60457F00F43738 /* Info.plist */,
			);
			path = AKMediaUBoxUITests;
			sourceTree = "<group>";
		};
		41A2555E1F6AAD93007013B8 /* TestsoundEffect */ = {
			isa = PBXGroup;
			children = (
				41A2555F1F6AADA1007013B8 /* YDTestSoundEffectViewController.h */,
				41A255601F6AADA1007013B8 /* YDTestSoundEffectViewController.m */,
				41A255621F6AAEC0007013B8 /* 9152.wav */,
			);
			path = TestsoundEffect;
			sourceTree = "<group>";
		};
		41A2556D1F6ABD25007013B8 /* Media */ = {
			isa = PBXGroup;
			children = (
				41A2557F1F6AC2C0007013B8 /* AudioSession */,
				41A255721F6ABD6A007013B8 /* Audio */,
			);
			path = Media;
			sourceTree = "<group>";
		};
		41A2556E1F6ABD4B007013B8 /* Common */ = {
			isa = PBXGroup;
			children = (
				41A255831F6AC2E8007013B8 /* Base */,
				41A2556F1F6ABD60007013B8 /* AKMgrService */,
			);
			path = Common;
			sourceTree = "<group>";
		};
		41A2556F1F6ABD60007013B8 /* AKMgrService */ = {
			isa = PBXGroup;
			children = (
				41A255701F6ABD60007013B8 /* AkMgrService.h */,
				41A255711F6ABD60007013B8 /* AkMgrService.m */,
			);
			path = AKMgrService;
			sourceTree = "<group>";
		};
		41A255721F6ABD6A007013B8 /* Audio */ = {
			isa = PBXGroup;
			children = (
				41A2557A1F6ABDDE007013B8 /* AKLongAudioMgr */,
				41A255731F6ABD6A007013B8 /* AKSegmentAudioMgr */,
			);
			path = Audio;
			sourceTree = "<group>";
		};
		41A255731F6ABD6A007013B8 /* AKSegmentAudioMgr */ = {
			isa = PBXGroup;
			children = (
				41A255741F6ABD6A007013B8 /* AKSegmentAudioMgr.h */,
				41A255751F6ABD6A007013B8 /* AKSegmentAudioMgr.m */,
			);
			path = AKSegmentAudioMgr;
			sourceTree = "<group>";
		};
		41A2557A1F6ABDDE007013B8 /* AKLongAudioMgr */ = {
			isa = PBXGroup;
			children = (
				41A2557B1F6ABDF9007013B8 /* AkAudioMgr.h */,
				41A2557C1F6ABDF9007013B8 /* AKAudioMgr.m */,
			);
			path = AKLongAudioMgr;
			sourceTree = "<group>";
		};
		41A2557F1F6AC2C0007013B8 /* AudioSession */ = {
			isa = PBXGroup;
			children = (
				417FE7021F6AC51D00F9DED4 /* AKAudioSessionMgr.h */,
				417FE7011F6AC51D00F9DED4 /* AkAudioSessionMgr.m */,
			);
			path = AudioSession;
			sourceTree = "<group>";
		};
		41A255831F6AC2E8007013B8 /* Base */ = {
			isa = PBXGroup;
			children = (
				41A255871F6AC303007013B8 /* AKBaseMgr.h */,
				41A255881F6AC303007013B8 /* AKBaseMgr.m */,
			);
			path = Base;
			sourceTree = "<group>";
		};
		6B71E386CCC8C688632FA79D /* Pods */ = {
			isa = PBXGroup;
			children = (
				AB5D05243075A8CE1938EC79 /* Pods-AKMediaUBox.debug.xcconfig */,
				79070CF1B29D373CE3F1A4C7 /* Pods-AKMediaUBox.release.xcconfig */,
				2C73ED6CEC191AE29C60594A /* Pods-AKMediaUBoxTests.debug.xcconfig */,
				D7DF3BF1A0501DA6D1B54E04 /* Pods-AKMediaUBoxTests.release.xcconfig */,
				03034EE6054D61FEAFBAEE26 /* Pods-AKMediaUBoxUITests.debug.xcconfig */,
				C7A836E6A4CAEE869172EC9B /* Pods-AKMediaUBoxUITests.release.xcconfig */,
			);
			name = Pods;
			sourceTree = "<group>";
		};
		A35C782B87BF34900346C5F3 /* Frameworks */ = {
			isa = PBXGroup;
			children = (
				C7AA86C9B173D640F191CFC4 /* libPods-AKMediaUBox.a */,
				2EEF7F2E3D8A36AE5F01C036 /* libPods-AKMediaUBoxTests.a */,
				AAD22E1CDB04F21250CA3F7D /* libPods-AKMediaUBoxUITests.a */,
			);
			name = Frameworks;
			sourceTree = "<group>";
		};
/* End PBXGroup section */

/* Begin PBXNativeTarget section */
		415DDE2B1F60457F00F43738 /* AKMediaUBox */ = {
			isa = PBXNativeTarget;
			buildConfigurationList = 415DDE5B1F60457F00F43738 /* Build configuration list for PBXNativeTarget "AKMediaUBox" */;
			buildPhases = (
				610547B45BB8E50B2C0BA253 /* [CP] Check Pods Manifest.lock */,
				415DDE281F60457F00F43738 /* Sources */,
				415DDE291F60457F00F43738 /* Frameworks */,
				415DDE2A1F60457F00F43738 /* Resources */,
				9ADFD8A3C744F87CBC0ABC04 /* [CP] Embed Pods Frameworks */,
				C59AA0E0137D6A8C921A0884 /* [CP] Copy Pods Resources */,
			);
			buildRules = (
			);
			dependencies = (
			);
			name = AKMediaUBox;
			productName = AKMediaUBox;
			productReference = 415DDE2C1F60457F00F43738 /* AKMediaUBox.app */;
			productType = "com.apple.product-type.application";
		};
		415DDE461F60457F00F43738 /* AKMediaUBoxTests */ = {
			isa = PBXNativeTarget;
			buildConfigurationList = 415DDE5E1F60457F00F43738 /* Build configuration list for PBXNativeTarget "AKMediaUBoxTests" */;
			buildPhases = (
				5DEA02516EA8045A64769487 /* [CP] Check Pods Manifest.lock */,
				415DDE431F60457F00F43738 /* Sources */,
				415DDE441F60457F00F43738 /* Frameworks */,
				415DDE451F60457F00F43738 /* Resources */,
				63D7DE1FA476B2B904CDE3A3 /* [CP] Embed Pods Frameworks */,
				4A7D8F1DC866E1E725AD8506 /* [CP] Copy Pods Resources */,
			);
			buildRules = (
			);
			dependencies = (
				415DDE491F60457F00F43738 /* PBXTargetDependency */,
			);
			name = AKMediaUBoxTests;
			productName = AKMediaUBoxTests;
			productReference = 415DDE471F60457F00F43738 /* AKMediaUBoxTests.xctest */;
			productType = "com.apple.product-type.bundle.unit-test";
		};
		415DDE511F60457F00F43738 /* AKMediaUBoxUITests */ = {
			isa = PBXNativeTarget;
			buildConfigurationList = 415DDE611F60457F00F43738 /* Build configuration list for PBXNativeTarget "AKMediaUBoxUITests" */;
			buildPhases = (
				42C960AA79E016FB7CAB936B /* [CP] Check Pods Manifest.lock */,
				415DDE4E1F60457F00F43738 /* Sources */,
				415DDE4F1F60457F00F43738 /* Frameworks */,
				415DDE501F60457F00F43738 /* Resources */,
				C92842C8D0C37585AA99F6D4 /* [CP] Embed Pods Frameworks */,
				8F4D478A8535CEC6B3512968 /* [CP] Copy Pods Resources */,
			);
			buildRules = (
			);
			dependencies = (
				415DDE541F60457F00F43738 /* PBXTargetDependency */,
			);
			name = AKMediaUBoxUITests;
			productName = AKMediaUBoxUITests;
			productReference = 415DDE521F60457F00F43738 /* AKMediaUBoxUITests.xctest */;
			productType = "com.apple.product-type.bundle.ui-testing";
		};
/* End PBXNativeTarget section */

/* Begin PBXProject section */
		415DDE241F60457F00F43738 /* Project object */ = {
			isa = PBXProject;
			attributes = {
				LastUpgradeCheck = 0900;
				ORGANIZATIONNAME = Aka;
				TargetAttributes = {
					415DDE2B1F60457F00F43738 = {
						CreatedOnToolsVersion = 9.0;
						ProvisioningStyle = Manual;
					};
					415DDE461F60457F00F43738 = {
						CreatedOnToolsVersion = 9.0;
						ProvisioningStyle = Automatic;
						TestTargetID = 415DDE2B1F60457F00F43738;
					};
					415DDE511F60457F00F43738 = {
						CreatedOnToolsVersion = 9.0;
						ProvisioningStyle = Automatic;
						TestTargetID = 415DDE2B1F60457F00F43738;
					};
				};
			};
			buildConfigurationList = 415DDE271F60457F00F43738 /* Build configuration list for PBXProject "AKMediaUBox" */;
			compatibilityVersion = "Xcode 8.0";
			developmentRegion = en;
			hasScannedForEncodings = 0;
			knownRegions = (
				en,
				Base,
			);
			mainGroup = 415DDE231F60457F00F43738;
			productRefGroup = 415DDE2D1F60457F00F43738 /* Products */;
			projectDirPath = "";
			projectRoot = "";
			targets = (
				415DDE2B1F60457F00F43738 /* AKMediaUBox */,
				415DDE461F60457F00F43738 /* AKMediaUBoxTests */,
				415DDE511F60457F00F43738 /* AKMediaUBoxUITests */,
			);
		};
/* End PBXProject section */

/* Begin PBXResourcesBuildPhase section */
		415DDE2A1F60457F00F43738 /* Resources */ = {
			isa = PBXResourcesBuildPhase;
			buildActionMask = 2147483647;
			files = (
				41A255631F6AB110007013B8 /* 9152.wav in Resources */,
				415DDE3F1F60457F00F43738 /* LaunchScreen.storyboard in Resources */,
				415DDE3C1F60457F00F43738 /* Assets.xcassets in Resources */,
				415DDE371F60457F00F43738 /* Main.storyboard in Resources */,
			);
			runOnlyForDeploymentPostprocessing = 0;
		};
		415DDE451F60457F00F43738 /* Resources */ = {
			isa = PBXResourcesBuildPhase;
			buildActionMask = 2147483647;
			files = (
			);
			runOnlyForDeploymentPostprocessing = 0;
		};
		415DDE501F60457F00F43738 /* Resources */ = {
			isa = PBXResourcesBuildPhase;
			buildActionMask = 2147483647;
			files = (
			);
			runOnlyForDeploymentPostprocessing = 0;
		};
/* End PBXResourcesBuildPhase section */

/* Begin PBXShellScriptBuildPhase section */
		42C960AA79E016FB7CAB936B /* [CP] Check Pods Manifest.lock */ = {
			isa = PBXShellScriptBuildPhase;
			buildActionMask = 2147483647;
			files = (
			);
			inputPaths = (
			);
			name = "[CP] Check Pods Manifest.lock";
			outputPaths = (
			);
			runOnlyForDeploymentPostprocessing = 0;
			shellPath = /bin/sh;
			shellScript = "diff \"${PODS_PODFILE_DIR_PATH}/Podfile.lock\" \"${PODS_ROOT}/Manifest.lock\" > /dev/null\nif [ $? != 0 ] ; then\n    # print error to STDERR\n    echo \"error: The sandbox is not in sync with the Podfile.lock. Run 'pod install' or update your CocoaPods installation.\" >&2\n    exit 1\nfi\n";
			showEnvVarsInLog = 0;
		};
		4A7D8F1DC866E1E725AD8506 /* [CP] Copy Pods Resources */ = {
			isa = PBXShellScriptBuildPhase;
			buildActionMask = 2147483647;
			files = (
			);
			inputPaths = (
			);
			name = "[CP] Copy Pods Resources";
			outputPaths = (
			);
			runOnlyForDeploymentPostprocessing = 0;
			shellPath = /bin/sh;
			shellScript = "\"${SRCROOT}/Pods/Target Support Files/Pods-AKMediaUBoxTests/Pods-AKMediaUBoxTests-resources.sh\"\n";
			showEnvVarsInLog = 0;
		};
		5DEA02516EA8045A64769487 /* [CP] Check Pods Manifest.lock */ = {
			isa = PBXShellScriptBuildPhase;
			buildActionMask = 2147483647;
			files = (
			);
			inputPaths = (
			);
			name = "[CP] Check Pods Manifest.lock";
			outputPaths = (
			);
			runOnlyForDeploymentPostprocessing = 0;
			shellPath = /bin/sh;
			shellScript = "diff \"${PODS_PODFILE_DIR_PATH}/Podfile.lock\" \"${PODS_ROOT}/Manifest.lock\" > /dev/null\nif [ $? != 0 ] ; then\n    # print error to STDERR\n    echo \"error: The sandbox is not in sync with the Podfile.lock. Run 'pod install' or update your CocoaPods installation.\" >&2\n    exit 1\nfi\n";
			showEnvVarsInLog = 0;
		};
		610547B45BB8E50B2C0BA253 /* [CP] Check Pods Manifest.lock */ = {
			isa = PBXShellScriptBuildPhase;
			buildActionMask = 2147483647;
			files = (
			);
			inputPaths = (
			);
			name = "[CP] Check Pods Manifest.lock";
			outputPaths = (
			);
			runOnlyForDeploymentPostprocessing = 0;
			shellPath = /bin/sh;
			shellScript = "diff \"${PODS_PODFILE_DIR_PATH}/Podfile.lock\" \"${PODS_ROOT}/Manifest.lock\" > /dev/null\nif [ $? != 0 ] ; then\n    # print error to STDERR\n    echo \"error: The sandbox is not in sync with the Podfile.lock. Run 'pod install' or update your CocoaPods installation.\" >&2\n    exit 1\nfi\n";
			showEnvVarsInLog = 0;
		};
		63D7DE1FA476B2B904CDE3A3 /* [CP] Embed Pods Frameworks */ = {
			isa = PBXShellScriptBuildPhase;
			buildActionMask = 2147483647;
			files = (
			);
			inputPaths = (
			);
			name = "[CP] Embed Pods Frameworks";
			outputPaths = (
			);
			runOnlyForDeploymentPostprocessing = 0;
			shellPath = /bin/sh;
			shellScript = "\"${SRCROOT}/Pods/Target Support Files/Pods-AKMediaUBoxTests/Pods-AKMediaUBoxTests-frameworks.sh\"\n";
			showEnvVarsInLog = 0;
		};
		8F4D478A8535CEC6B3512968 /* [CP] Copy Pods Resources */ = {
			isa = PBXShellScriptBuildPhase;
			buildActionMask = 2147483647;
			files = (
			);
			inputPaths = (
			);
			name = "[CP] Copy Pods Resources";
			outputPaths = (
			);
			runOnlyForDeploymentPostprocessing = 0;
			shellPath = /bin/sh;
			shellScript = "\"${SRCROOT}/Pods/Target Support Files/Pods-AKMediaUBoxUITests/Pods-AKMediaUBoxUITests-resources.sh\"\n";
			showEnvVarsInLog = 0;
		};
		9ADFD8A3C744F87CBC0ABC04 /* [CP] Embed Pods Frameworks */ = {
			isa = PBXShellScriptBuildPhase;
			buildActionMask = 2147483647;
			files = (
			);
			inputPaths = (
			);
			name = "[CP] Embed Pods Frameworks";
			outputPaths = (
			);
			runOnlyForDeploymentPostprocessing = 0;
			shellPath = /bin/sh;
			shellScript = "\"${SRCROOT}/Pods/Target Support Files/Pods-AKMediaUBox/Pods-AKMediaUBox-frameworks.sh\"\n";
			showEnvVarsInLog = 0;
		};
		C59AA0E0137D6A8C921A0884 /* [CP] Copy Pods Resources */ = {
			isa = PBXShellScriptBuildPhase;
			buildActionMask = 2147483647;
			files = (
			);
			inputPaths = (
			);
			name = "[CP] Copy Pods Resources";
			outputPaths = (
			);
			runOnlyForDeploymentPostprocessing = 0;
			shellPath = /bin/sh;
			shellScript = "\"${SRCROOT}/Pods/Target Support Files/Pods-AKMediaUBox/Pods-AKMediaUBox-resources.sh\"\n";
			showEnvVarsInLog = 0;
		};
		C92842C8D0C37585AA99F6D4 /* [CP] Embed Pods Frameworks */ = {
			isa = PBXShellScriptBuildPhase;
			buildActionMask = 2147483647;
			files = (
			);
			inputPaths = (
			);
			name = "[CP] Embed Pods Frameworks";
			outputPaths = (
			);
			runOnlyForDeploymentPostprocessing = 0;
			shellPath = /bin/sh;
			shellScript = "\"${SRCROOT}/Pods/Target Support Files/Pods-AKMediaUBoxUITests/Pods-AKMediaUBoxUITests-frameworks.sh\"\n";
			showEnvVarsInLog = 0;
		};
/* End PBXShellScriptBuildPhase section */

/* Begin PBXSourcesBuildPhase section */
		415DDE281F60457F00F43738 /* Sources */ = {
			isa = PBXSourcesBuildPhase;
			buildActionMask = 2147483647;
			files = (
				417FE7041F6AC57C00F9DED4 /* AKSegmentAudioMgr.m in Sources */,
				417FE7031F6AC57700F9DED4 /* AkMgrService.m in Sources */,
				415DDE3A1F60457F00F43738 /* AKMediaUBox.xcdatamodeld in Sources */,
				41A2557D1F6ABDF9007013B8 /* AKAudioMgr.m in Sources */,
				415DDE341F60457F00F43738 /* ViewController.m in Sources */,
				41A255891F6AC303007013B8 /* AKBaseMgr.m in Sources */,
				415DDE421F60457F00F43738 /* main.m in Sources */,
				415DDE311F60457F00F43738 /* AppDelegate.m in Sources */,
				41A255611F6AADA1007013B8 /* YDTestSoundEffectViewController.m in Sources */,
			);
			runOnlyForDeploymentPostprocessing = 0;
		};
		415DDE431F60457F00F43738 /* Sources */ = {
			isa = PBXSourcesBuildPhase;
			buildActionMask = 2147483647;
			files = (
				415DDE4C1F60457F00F43738 /* AKMediaUBoxTests.m in Sources */,
			);
			runOnlyForDeploymentPostprocessing = 0;
		};
		415DDE4E1F60457F00F43738 /* Sources */ = {
			isa = PBXSourcesBuildPhase;
			buildActionMask = 2147483647;
			files = (
				415DDE571F60457F00F43738 /* AKMediaUBoxUITests.m in Sources */,
			);
			runOnlyForDeploymentPostprocessing = 0;
		};
/* End PBXSourcesBuildPhase section */

/* Begin PBXTargetDependency section */
		415DDE491F60457F00F43738 /* PBXTargetDependency */ = {
			isa = PBXTargetDependency;
			target = 415DDE2B1F60457F00F43738 /* AKMediaUBox */;
			targetProxy = 415DDE481F60457F00F43738 /* PBXContainerItemProxy */;
		};
		415DDE541F60457F00F43738 /* PBXTargetDependency */ = {
			isa = PBXTargetDependency;
			target = 415DDE2B1F60457F00F43738 /* AKMediaUBox */;
			targetProxy = 415DDE531F60457F00F43738 /* PBXContainerItemProxy */;
		};
/* End PBXTargetDependency section */

/* Begin PBXVariantGroup section */
		415DDE351F60457F00F43738 /* Main.storyboard */ = {
			isa = PBXVariantGroup;
			children = (
				415DDE361F60457F00F43738 /* Base */,
			);
			name = Main.storyboard;
			sourceTree = "<group>";
		};
		415DDE3D1F60457F00F43738 /* LaunchScreen.storyboard */ = {
			isa = PBXVariantGroup;
			children = (
				415DDE3E1F60457F00F43738 /* Base */,
			);
			name = LaunchScreen.storyboard;
			sourceTree = "<group>";
		};
/* End PBXVariantGroup section */

/* Begin XCBuildConfiguration section */
		415DDE591F60457F00F43738 /* Debug */ = {
			isa = XCBuildConfiguration;
			buildSettings = {
				ALWAYS_SEARCH_USER_PATHS = NO;
				CLANG_ANALYZER_NONNULL = YES;
				CLANG_ANALYZER_NUMBER_OBJECT_CONVERSION = YES_AGGRESSIVE;
				CLANG_CXX_LANGUAGE_STANDARD = "gnu++14";
				CLANG_CXX_LIBRARY = "libc++";
				CLANG_ENABLE_MODULES = YES;
				CLANG_ENABLE_OBJC_ARC = YES;
				CLANG_WARN_BLOCK_CAPTURE_AUTORELEASING = YES;
				CLANG_WARN_BOOL_CONVERSION = YES;
				CLANG_WARN_COMMA = YES;
				CLANG_WARN_CONSTANT_CONVERSION = YES;
				CLANG_WARN_DIRECT_OBJC_ISA_USAGE = YES_ERROR;
				CLANG_WARN_DOCUMENTATION_COMMENTS = YES;
				CLANG_WARN_EMPTY_BODY = YES;
				CLANG_WARN_ENUM_CONVERSION = YES;
				CLANG_WARN_INFINITE_RECURSION = YES;
				CLANG_WARN_INT_CONVERSION = YES;
				CLANG_WARN_NON_LITERAL_NULL_CONVERSION = YES;
				CLANG_WARN_OBJC_LITERAL_CONVERSION = YES;
				CLANG_WARN_OBJC_ROOT_CLASS = YES_ERROR;
				CLANG_WARN_RANGE_LOOP_ANALYSIS = YES;
				CLANG_WARN_STRICT_PROTOTYPES = YES;
				CLANG_WARN_SUSPICIOUS_MOVE = YES;
				CLANG_WARN_UNGUARDED_AVAILABILITY = YES_AGGRESSIVE;
				CLANG_WARN_UNREACHABLE_CODE = YES;
				CLANG_WARN__DUPLICATE_METHOD_MATCH = YES;
				CODE_SIGN_IDENTITY = "iPhone Developer";
				COPY_PHASE_STRIP = NO;
				DEBUG_INFORMATION_FORMAT = dwarf;
				ENABLE_STRICT_OBJC_MSGSEND = YES;
				ENABLE_TESTABILITY = YES;
				GCC_C_LANGUAGE_STANDARD = gnu11;
				GCC_DYNAMIC_NO_PIC = NO;
				GCC_NO_COMMON_BLOCKS = YES;
				GCC_OPTIMIZATION_LEVEL = 0;
				GCC_PREPROCESSOR_DEFINITIONS = (
					"DEBUG=1",
					"$(inherited)",
				);
				GCC_WARN_64_TO_32_BIT_CONVERSION = YES;
				GCC_WARN_ABOUT_RETURN_TYPE = YES_ERROR;
				GCC_WARN_UNDECLARED_SELECTOR = YES;
				GCC_WARN_UNINITIALIZED_AUTOS = YES_AGGRESSIVE;
				GCC_WARN_UNUSED_FUNCTION = YES;
				GCC_WARN_UNUSED_VARIABLE = YES;
				IPHONEOS_DEPLOYMENT_TARGET = 11.0;
				MTL_ENABLE_DEBUG_INFO = YES;
				ONLY_ACTIVE_ARCH = YES;
				SDKROOT = iphoneos;
			};
			name = Debug;
		};
		415DDE5A1F60457F00F43738 /* Release */ = {
			isa = XCBuildConfiguration;
			buildSettings = {
				ALWAYS_SEARCH_USER_PATHS = NO;
				CLANG_ANALYZER_NONNULL = YES;
				CLANG_ANALYZER_NUMBER_OBJECT_CONVERSION = YES_AGGRESSIVE;
				CLANG_CXX_LANGUAGE_STANDARD = "gnu++14";
				CLANG_CXX_LIBRARY = "libc++";
				CLANG_ENABLE_MODULES = YES;
				CLANG_ENABLE_OBJC_ARC = YES;
				CLANG_WARN_BLOCK_CAPTURE_AUTORELEASING = YES;
				CLANG_WARN_BOOL_CONVERSION = YES;
				CLANG_WARN_COMMA = YES;
				CLANG_WARN_CONSTANT_CONVERSION = YES;
				CLANG_WARN_DIRECT_OBJC_ISA_USAGE = YES_ERROR;
				CLANG_WARN_DOCUMENTATION_COMMENTS = YES;
				CLANG_WARN_EMPTY_BODY = YES;
				CLANG_WARN_ENUM_CONVERSION = YES;
				CLANG_WARN_INFINITE_RECURSION = YES;
				CLANG_WARN_INT_CONVERSION = YES;
				CLANG_WARN_NON_LITERAL_NULL_CONVERSION = YES;
				CLANG_WARN_OBJC_LITERAL_CONVERSION = YES;
				CLANG_WARN_OBJC_ROOT_CLASS = YES_ERROR;
				CLANG_WARN_RANGE_LOOP_ANALYSIS = YES;
				CLANG_WARN_STRICT_PROTOTYPES = YES;
				CLANG_WARN_SUSPICIOUS_MOVE = YES;
				CLANG_WARN_UNGUARDED_AVAILABILITY = YES_AGGRESSIVE;
				CLANG_WARN_UNREACHABLE_CODE = YES;
				CLANG_WARN__DUPLICATE_METHOD_MATCH = YES;
				CODE_SIGN_IDENTITY = "iPhone Developer";
				COPY_PHASE_STRIP = NO;
				DEBUG_INFORMATION_FORMAT = "dwarf-with-dsym";
				ENABLE_NS_ASSERTIONS = NO;
				ENABLE_STRICT_OBJC_MSGSEND = YES;
				GCC_C_LANGUAGE_STANDARD = gnu11;
				GCC_NO_COMMON_BLOCKS = YES;
				GCC_WARN_64_TO_32_BIT_CONVERSION = YES;
				GCC_WARN_ABOUT_RETURN_TYPE = YES_ERROR;
				GCC_WARN_UNDECLARED_SELECTOR = YES;
				GCC_WARN_UNINITIALIZED_AUTOS = YES_AGGRESSIVE;
				GCC_WARN_UNUSED_FUNCTION = YES;
				GCC_WARN_UNUSED_VARIABLE = YES;
				IPHONEOS_DEPLOYMENT_TARGET = 11.0;
				MTL_ENABLE_DEBUG_INFO = NO;
				SDKROOT = iphoneos;
				VALIDATE_PRODUCT = YES;
			};
			name = Release;
		};
		415DDE5C1F60457F00F43738 /* Debug */ = {
			isa = XCBuildConfiguration;
			baseConfigurationReference = AB5D05243075A8CE1938EC79 /* Pods-AKMediaUBox.debug.xcconfig */;
			buildSettings = {
				ASSETCATALOG_COMPILER_APPICON_NAME = AppIcon;
				"CODE_SIGN_IDENTITY[sdk=iphoneos*]" = "iPhone Developer";
				CODE_SIGN_STYLE = Manual;
				DEVELOPMENT_TEAM = 2ERYNAFK87;
				INFOPLIST_FILE = AKMediaUBox/Info.plist;
				LD_RUNPATH_SEARCH_PATHS = "$(inherited) @executable_path/Frameworks";
				PRODUCT_BUNDLE_IDENTIFIER = com.sport.yuedong;
				PRODUCT_NAME = "$(TARGET_NAME)";
				PROVISIONING_PROFILE = "5a931646-0f99-495f-b9dc-f7f4d7b9bb34";
				PROVISIONING_PROFILE_SPECIFIER = dev_sp;
				TARGETED_DEVICE_FAMILY = "1,2";
			};
			name = Debug;
		};
		415DDE5D1F60457F00F43738 /* Release */ = {
			isa = XCBuildConfiguration;
			baseConfigurationReference = 79070CF1B29D373CE3F1A4C7 /* Pods-AKMediaUBox.release.xcconfig */;
			buildSettings = {
				ASSETCATALOG_COMPILER_APPICON_NAME = AppIcon;
				"CODE_SIGN_IDENTITY[sdk=iphoneos*]" = "iPhone Developer";
				CODE_SIGN_STYLE = Manual;
				DEVELOPMENT_TEAM = "";
				INFOPLIST_FILE = AKMediaUBox/Info.plist;
				LD_RUNPATH_SEARCH_PATHS = "$(inherited) @executable_path/Frameworks";
				PRODUCT_BUNDLE_IDENTIFIER = com.sport.yuedong;
				PRODUCT_NAME = "$(TARGET_NAME)";
				PROVISIONING_PROFILE_SPECIFIER = "";
				TARGETED_DEVICE_FAMILY = "1,2";
			};
			name = Release;
		};
		415DDE5F1F60457F00F43738 /* Debug */ = {
			isa = XCBuildConfiguration;
			baseConfigurationReference = 2C73ED6CEC191AE29C60594A /* Pods-AKMediaUBoxTests.debug.xcconfig */;
			buildSettings = {
				BUNDLE_LOADER = "$(TEST_HOST)";
				CODE_SIGN_STYLE = Automatic;
				DEVELOPMENT_TEAM = D2XBEJ6876;
				INFOPLIST_FILE = AKMediaUBoxTests/Info.plist;
				LD_RUNPATH_SEARCH_PATHS = "$(inherited) @executable_path/Frameworks @loader_path/Frameworks";
				PRODUCT_BUNDLE_IDENTIFIER = com.sport.yuedong.AKMediaUBoxTests;
				PRODUCT_NAME = "$(TARGET_NAME)";
				TARGETED_DEVICE_FAMILY = "1,2";
				TEST_HOST = "$(BUILT_PRODUCTS_DIR)/AKMediaUBox.app/AKMediaUBox";
			};
			name = Debug;
		};
		415DDE601F60457F00F43738 /* Release */ = {
			isa = XCBuildConfiguration;
			baseConfigurationReference = D7DF3BF1A0501DA6D1B54E04 /* Pods-AKMediaUBoxTests.release.xcconfig */;
			buildSettings = {
				BUNDLE_LOADER = "$(TEST_HOST)";
				CODE_SIGN_STYLE = Automatic;
				DEVELOPMENT_TEAM = D2XBEJ6876;
				INFOPLIST_FILE = AKMediaUBoxTests/Info.plist;
				LD_RUNPATH_SEARCH_PATHS = "$(inherited) @executable_path/Frameworks @loader_path/Frameworks";
				PRODUCT_BUNDLE_IDENTIFIER = com.sport.yuedong.AKMediaUBoxTests;
				PRODUCT_NAME = "$(TARGET_NAME)";
				TARGETED_DEVICE_FAMILY = "1,2";
				TEST_HOST = "$(BUILT_PRODUCTS_DIR)/AKMediaUBox.app/AKMediaUBox";
			};
			name = Release;
		};
		415DDE621F60457F00F43738 /* Debug */ = {
			isa = XCBuildConfiguration;
			baseConfigurationReference = 03034EE6054D61FEAFBAEE26 /* Pods-AKMediaUBoxUITests.debug.xcconfig */;
			buildSettings = {
				CODE_SIGN_STYLE = Automatic;
				DEVELOPMENT_TEAM = D2XBEJ6876;
				INFOPLIST_FILE = AKMediaUBoxUITests/Info.plist;
				LD_RUNPATH_SEARCH_PATHS = "$(inherited) @executable_path/Frameworks @loader_path/Frameworks";
				PRODUCT_BUNDLE_IDENTIFIER = com.sport.yuedong.AKMediaUBoxUITests;
				PRODUCT_NAME = "$(TARGET_NAME)";
				TARGETED_DEVICE_FAMILY = "1,2";
				TEST_TARGET_NAME = AKMediaUBox;
			};
			name = Debug;
		};
		415DDE631F60457F00F43738 /* Release */ = {
			isa = XCBuildConfiguration;
			baseConfigurationReference = C7A836E6A4CAEE869172EC9B /* Pods-AKMediaUBoxUITests.release.xcconfig */;
			buildSettings = {
				CODE_SIGN_STYLE = Automatic;
				DEVELOPMENT_TEAM = D2XBEJ6876;
				INFOPLIST_FILE = AKMediaUBoxUITests/Info.plist;
				LD_RUNPATH_SEARCH_PATHS = "$(inherited) @executable_path/Frameworks @loader_path/Frameworks";
				PRODUCT_BUNDLE_IDENTIFIER = com.sport.yuedong.AKMediaUBoxUITests;
				PRODUCT_NAME = "$(TARGET_NAME)";
				TARGETED_DEVICE_FAMILY = "1,2";
				TEST_TARGET_NAME = AKMediaUBox;
			};
			name = Release;
		};
/* End XCBuildConfiguration section */

/* Begin XCConfigurationList section */
		415DDE271F60457F00F43738 /* Build configuration list for PBXProject "AKMediaUBox" */ = {
			isa = XCConfigurationList;
			buildConfigurations = (
				415DDE591F60457F00F43738 /* Debug */,
				415DDE5A1F60457F00F43738 /* Release */,
			);
			defaultConfigurationIsVisible = 0;
			defaultConfigurationName = Release;
		};
		415DDE5B1F60457F00F43738 /* Build configuration list for PBXNativeTarget "AKMediaUBox" */ = {
			isa = XCConfigurationList;
			buildConfigurations = (
				415DDE5C1F60457F00F43738 /* Debug */,
				415DDE5D1F60457F00F43738 /* Release */,
			);
			defaultConfigurationIsVisible = 0;
			defaultConfigurationName = Release;
		};
		415DDE5E1F60457F00F43738 /* Build configuration list for PBXNativeTarget "AKMediaUBoxTests" */ = {
			isa = XCConfigurationList;
			buildConfigurations = (
				415DDE5F1F60457F00F43738 /* Debug */,
				415DDE601F60457F00F43738 /* Release */,
			);
			defaultConfigurationIsVisible = 0;
			defaultConfigurationName = Release;
		};
		415DDE611F60457F00F43738 /* Build configuration list for PBXNativeTarget "AKMediaUBoxUITests" */ = {
			isa = XCConfigurationList;
			buildConfigurations = (
				415DDE621F60457F00F43738 /* Debug */,
				415DDE631F60457F00F43738 /* Release */,
			);
			defaultConfigurationIsVisible = 0;
			defaultConfigurationName = Release;
		};
/* End XCConfigurationList section */

/* Begin XCVersionGroup section */
		415DDE381F60457F00F43738 /* AKMediaUBox.xcdatamodeld */ = {
			isa = XCVersionGroup;
			children = (
				415DDE391F60457F00F43738 /* AKMediaUBox.xcdatamodel */,
			);
			currentVersion = 415DDE391F60457F00F43738 /* AKMediaUBox.xcdatamodel */;
			path = AKMediaUBox.xcdatamodeld;
			sourceTree = "<group>";
			versionGroupType = wrapper.xcdatamodel;
		};
/* End XCVersionGroup section */
	};
	rootObject = 415DDE241F60457F00F43738 /* Project object */;
}
